
Microsoft Visual Studio Solution File, Format Version 12.00
# Visual Studio Version 17
VisualStudioVersion = 17.4.33403.182
MinimumVisualStudioVersion = 10.0.40219.1
Project("{FAE04EC0-301F-11D3-BF4B-00C04F79EFBC}") = "Ders-9", "Ders-9\Ders-9.csproj", "{4D4047AA-4E44-4EE1-8D97-B625464C7D8F}"
EndProject
Global
	GlobalSection(SolutionConfigurationPlatforms) = preSolution
		Debug|Any CPU = Debug|Any CPU
		Release|Any CPU = Release|Any CPU
	EndGlobalSection
	GlobalSection(ProjectConfigurationPlatforms) = postSolution
		{4D4047AA-4E44-4EE1-8D97-B625464C7D8F}.Debug|Any CPU.ActiveCfg = Debug|Any CPU
		{4D4047AA-4E44-4EE1-8D97-B625464C7D8F}.Debug|Any CPU.Build.0 = Debug|Any CPU
		{4D4047AA-4E44-4EE1-8D97-B625464C7D8F}.Release|Any CPU.ActiveCfg = Release|Any CPU
		{4D4047AA-4E44-4EE1-8D97-B625464C7D8F}.Release|Any CPU.Build.0 = Release|Any CPU
	EndGlobalSection
	GlobalSection(SolutionProperties) = preSolution
		HideSolutionNode = FALSE
	EndGlobalSection
	GlobalSection(ExtensibilityGlobals) = postSolution
		SolutionGuid = {856999B4-F85E-41E1-8C1E-78CD8D56086B}
	EndGlobalSection
EndGlobal
