
Microsoft Visual Studio Solution File, Format Version 12.00
# Visual Studio Version 17
VisualStudioVersion = 17.4.33403.182
MinimumVisualStudioVersion = 10.0.40219.1
Project("{FAE04EC0-301F-11D3-BF4B-00C04F79EFBC}") = "Ders-18.1", "Ders-18.1\Ders-18.1.csproj", "{00165C10-55B5-48E2-9A5A-CC7944711E77}"
EndProject
Global
	GlobalSection(SolutionConfigurationPlatforms) = preSolution
		Debug|Any CPU = Debug|Any CPU
		Release|Any CPU = Release|Any CPU
	EndGlobalSection
	GlobalSection(ProjectConfigurationPlatforms) = postSolution
		{00165C10-55B5-48E2-9A5A-CC7944711E77}.Debug|Any CPU.ActiveCfg = Debug|Any CPU
		{00165C10-55B5-48E2-9A5A-CC7944711E77}.Debug|Any CPU.Build.0 = Debug|Any CPU
		{00165C10-55B5-48E2-9A5A-CC7944711E77}.Release|Any CPU.ActiveCfg = Release|Any CPU
		{00165C10-55B5-48E2-9A5A-CC7944711E77}.Release|Any CPU.Build.0 = Release|Any CPU
	EndGlobalSection
	GlobalSection(SolutionProperties) = preSolution
		HideSolutionNode = FALSE
	EndGlobalSection
	GlobalSection(ExtensibilityGlobals) = postSolution
		SolutionGuid = {4979183A-149A-4DE1-AAC3-85C61C3E7C73}
	EndGlobalSection
EndGlobal
