
Microsoft Visual Studio Solution File, Format Version 12.00
# Visual Studio Version 17
VisualStudioVersion = 17.4.33403.182
MinimumVisualStudioVersion = 10.0.40219.1
Project("{FAE04EC0-301F-11D3-BF4B-00C04F79EFBC}") = "Ders-16.1", "Ders-16.1\Ders-16.1.csproj", "{9F2C7C57-2555-4770-B758-20B48447195B}"
EndProject
Global
	GlobalSection(SolutionConfigurationPlatforms) = preSolution
		Debug|Any CPU = Debug|Any CPU
		Release|Any CPU = Release|Any CPU
	EndGlobalSection
	GlobalSection(ProjectConfigurationPlatforms) = postSolution
		{9F2C7C57-2555-4770-B758-20B48447195B}.Debug|Any CPU.ActiveCfg = Debug|Any CPU
		{9F2C7C57-2555-4770-B758-20B48447195B}.Debug|Any CPU.Build.0 = Debug|Any CPU
		{9F2C7C57-2555-4770-B758-20B48447195B}.Release|Any CPU.ActiveCfg = Release|Any CPU
		{9F2C7C57-2555-4770-B758-20B48447195B}.Release|Any CPU.Build.0 = Release|Any CPU
	EndGlobalSection
	GlobalSection(SolutionProperties) = preSolution
		HideSolutionNode = FALSE
	EndGlobalSection
	GlobalSection(ExtensibilityGlobals) = postSolution
		SolutionGuid = {7C5492E8-3660-48B6-BBC0-7A9A5AF58F7F}
	EndGlobalSection
EndGlobal
