
Microsoft Visual Studio Solution File, Format Version 12.00
# Visual Studio Version 17
VisualStudioVersion = 17.4.33403.182
MinimumVisualStudioVersion = 10.0.40219.1
Project("{FAE04EC0-301F-11D3-BF4B-00C04F79EFBC}") = "Ders-4", "Ders-4\Ders-4.csproj", "{C5D77C2D-7ADB-428C-88F4-EC6E708E375B}"
EndProject
Global
	GlobalSection(SolutionConfigurationPlatforms) = preSolution
		Debug|Any CPU = Debug|Any CPU
		Release|Any CPU = Release|Any CPU
	EndGlobalSection
	GlobalSection(ProjectConfigurationPlatforms) = postSolution
		{C5D77C2D-7ADB-428C-88F4-EC6E708E375B}.Debug|Any CPU.ActiveCfg = Debug|Any CPU
		{C5D77C2D-7ADB-428C-88F4-EC6E708E375B}.Debug|Any CPU.Build.0 = Debug|Any CPU
		{C5D77C2D-7ADB-428C-88F4-EC6E708E375B}.Release|Any CPU.ActiveCfg = Release|Any CPU
		{C5D77C2D-7ADB-428C-88F4-EC6E708E375B}.Release|Any CPU.Build.0 = Release|Any CPU
	EndGlobalSection
	GlobalSection(SolutionProperties) = preSolution
		HideSolutionNode = FALSE
	EndGlobalSection
	GlobalSection(ExtensibilityGlobals) = postSolution
		SolutionGuid = {05EFD280-59F5-4F19-B77B-55D6773F3B4E}
	EndGlobalSection
EndGlobal
