
Microsoft Visual Studio Solution File, Format Version 12.00
# Visual Studio Version 17
VisualStudioVersion = 17.4.33403.182
MinimumVisualStudioVersion = 10.0.40219.1
Project("{FAE04EC0-301F-11D3-BF4B-00C04F79EFBC}") = "Ders-29.2", "Ders-29.2\Ders-29.2.csproj", "{4EB07089-5B15-4933-A86A-795BDBD01C78}"
EndProject
Global
	GlobalSection(SolutionConfigurationPlatforms) = preSolution
		Debug|Any CPU = Debug|Any CPU
		Release|Any CPU = Release|Any CPU
	EndGlobalSection
	GlobalSection(ProjectConfigurationPlatforms) = postSolution
		{4EB07089-5B15-4933-A86A-795BDBD01C78}.Debug|Any CPU.ActiveCfg = Debug|Any CPU
		{4EB07089-5B15-4933-A86A-795BDBD01C78}.Debug|Any CPU.Build.0 = Debug|Any CPU
		{4EB07089-5B15-4933-A86A-795BDBD01C78}.Release|Any CPU.ActiveCfg = Release|Any CPU
		{4EB07089-5B15-4933-A86A-795BDBD01C78}.Release|Any CPU.Build.0 = Release|Any CPU
	EndGlobalSection
	GlobalSection(SolutionProperties) = preSolution
		HideSolutionNode = FALSE
	EndGlobalSection
	GlobalSection(ExtensibilityGlobals) = postSolution
		SolutionGuid = {7667898B-AD79-4E8E-91B1-F93852CCB580}
	EndGlobalSection
EndGlobal
