
Microsoft Visual Studio Solution File, Format Version 12.00
# Visual Studio Version 17
VisualStudioVersion = 17.4.33403.182
MinimumVisualStudioVersion = 10.0.40219.1
Project("{FAE04EC0-301F-11D3-BF4B-00C04F79EFBC}") = "Ders-37", "Ders-37\Ders-37.csproj", "{FAE5647F-817A-4F7E-B626-C24AF16882D5}"
EndProject
Global
	GlobalSection(SolutionConfigurationPlatforms) = preSolution
		Debug|Any CPU = Debug|Any CPU
		Release|Any CPU = Release|Any CPU
	EndGlobalSection
	GlobalSection(ProjectConfigurationPlatforms) = postSolution
		{FAE5647F-817A-4F7E-B626-C24AF16882D5}.Debug|Any CPU.ActiveCfg = Debug|Any CPU
		{FAE5647F-817A-4F7E-B626-C24AF16882D5}.Debug|Any CPU.Build.0 = Debug|Any CPU
		{FAE5647F-817A-4F7E-B626-C24AF16882D5}.Release|Any CPU.ActiveCfg = Release|Any CPU
		{FAE5647F-817A-4F7E-B626-C24AF16882D5}.Release|Any CPU.Build.0 = Release|Any CPU
	EndGlobalSection
	GlobalSection(SolutionProperties) = preSolution
		HideSolutionNode = FALSE
	EndGlobalSection
	GlobalSection(ExtensibilityGlobals) = postSolution
		SolutionGuid = {EFC160E4-D8D7-443B-9E09-F7E9412B2836}
	EndGlobalSection
EndGlobal
