
Microsoft Visual Studio Solution File, Format Version 12.00
# Visual Studio Version 17
VisualStudioVersion = 17.4.33403.182
MinimumVisualStudioVersion = 10.0.40219.1
Project("{FAE04EC0-301F-11D3-BF4B-00C04F79EFBC}") = "Ders-21.2", "Ders-21.2\Ders-21.2.csproj", "{8C823ADE-1B5F-4E98-81E3-C2566412BA21}"
EndProject
Global
	GlobalSection(SolutionConfigurationPlatforms) = preSolution
		Debug|Any CPU = Debug|Any CPU
		Release|Any CPU = Release|Any CPU
	EndGlobalSection
	GlobalSection(ProjectConfigurationPlatforms) = postSolution
		{8C823ADE-1B5F-4E98-81E3-C2566412BA21}.Debug|Any CPU.ActiveCfg = Debug|Any CPU
		{8C823ADE-1B5F-4E98-81E3-C2566412BA21}.Debug|Any CPU.Build.0 = Debug|Any CPU
		{8C823ADE-1B5F-4E98-81E3-C2566412BA21}.Release|Any CPU.ActiveCfg = Release|Any CPU
		{8C823ADE-1B5F-4E98-81E3-C2566412BA21}.Release|Any CPU.Build.0 = Release|Any CPU
	EndGlobalSection
	GlobalSection(SolutionProperties) = preSolution
		HideSolutionNode = FALSE
	EndGlobalSection
	GlobalSection(ExtensibilityGlobals) = postSolution
		SolutionGuid = {FFBE2D7D-8CF2-45F9-A25A-4B72195559CA}
	EndGlobalSection
EndGlobal
