
Microsoft Visual Studio Solution File, Format Version 12.00
# Visual Studio Version 17
VisualStudioVersion = 17.4.33403.182
MinimumVisualStudioVersion = 10.0.40219.1
Project("{FAE04EC0-301F-11D3-BF4B-00C04F79EFBC}") = "Ders-27.1", "Ders-27.1\Ders-27.1.csproj", "{D17479FB-DB3B-4FBF-9601-7F493BF81E08}"
EndProject
Global
	GlobalSection(SolutionConfigurationPlatforms) = preSolution
		Debug|Any CPU = Debug|Any CPU
		Release|Any CPU = Release|Any CPU
	EndGlobalSection
	GlobalSection(ProjectConfigurationPlatforms) = postSolution
		{D17479FB-DB3B-4FBF-9601-7F493BF81E08}.Debug|Any CPU.ActiveCfg = Debug|Any CPU
		{D17479FB-DB3B-4FBF-9601-7F493BF81E08}.Debug|Any CPU.Build.0 = Debug|Any CPU
		{D17479FB-DB3B-4FBF-9601-7F493BF81E08}.Release|Any CPU.ActiveCfg = Release|Any CPU
		{D17479FB-DB3B-4FBF-9601-7F493BF81E08}.Release|Any CPU.Build.0 = Release|Any CPU
	EndGlobalSection
	GlobalSection(SolutionProperties) = preSolution
		HideSolutionNode = FALSE
	EndGlobalSection
	GlobalSection(ExtensibilityGlobals) = postSolution
		SolutionGuid = {1E533F8D-B9F9-4713-91B3-F351320B4652}
	EndGlobalSection
EndGlobal
