
Microsoft Visual Studio Solution File, Format Version 12.00
# Visual Studio Version 17
VisualStudioVersion = 17.4.33403.182
MinimumVisualStudioVersion = 10.0.40219.1
Project("{FAE04EC0-301F-11D3-BF4B-00C04F79EFBC}") = "Ders-24", "Ders-24\Ders-24.csproj", "{EF11376C-76F4-4080-BE9A-B8F5E55B2DCE}"
EndProject
Global
	GlobalSection(SolutionConfigurationPlatforms) = preSolution
		Debug|Any CPU = Debug|Any CPU
		Release|Any CPU = Release|Any CPU
	EndGlobalSection
	GlobalSection(ProjectConfigurationPlatforms) = postSolution
		{EF11376C-76F4-4080-BE9A-B8F5E55B2DCE}.Debug|Any CPU.ActiveCfg = Debug|Any CPU
		{EF11376C-76F4-4080-BE9A-B8F5E55B2DCE}.Debug|Any CPU.Build.0 = Debug|Any CPU
		{EF11376C-76F4-4080-BE9A-B8F5E55B2DCE}.Release|Any CPU.ActiveCfg = Release|Any CPU
		{EF11376C-76F4-4080-BE9A-B8F5E55B2DCE}.Release|Any CPU.Build.0 = Release|Any CPU
	EndGlobalSection
	GlobalSection(SolutionProperties) = preSolution
		HideSolutionNode = FALSE
	EndGlobalSection
	GlobalSection(ExtensibilityGlobals) = postSolution
		SolutionGuid = {4152169A-B338-4A33-A743-8117A082FFDB}
	EndGlobalSection
EndGlobal
