
Microsoft Visual Studio Solution File, Format Version 12.00
# Visual Studio Version 17
VisualStudioVersion = 17.4.33403.182
MinimumVisualStudioVersion = 10.0.40219.1
Project("{FAE04EC0-301F-11D3-BF4B-00C04F79EFBC}") = "Ders-15.1", "Ders-15.1\Ders-15.1.csproj", "{0DCCDCD2-C6AC-49DD-8AC5-D1176EF6FFB3}"
EndProject
Global
	GlobalSection(SolutionConfigurationPlatforms) = preSolution
		Debug|Any CPU = Debug|Any CPU
		Release|Any CPU = Release|Any CPU
	EndGlobalSection
	GlobalSection(ProjectConfigurationPlatforms) = postSolution
		{0DCCDCD2-C6AC-49DD-8AC5-D1176EF6FFB3}.Debug|Any CPU.ActiveCfg = Debug|Any CPU
		{0DCCDCD2-C6AC-49DD-8AC5-D1176EF6FFB3}.Debug|Any CPU.Build.0 = Debug|Any CPU
		{0DCCDCD2-C6AC-49DD-8AC5-D1176EF6FFB3}.Release|Any CPU.ActiveCfg = Release|Any CPU
		{0DCCDCD2-C6AC-49DD-8AC5-D1176EF6FFB3}.Release|Any CPU.Build.0 = Release|Any CPU
	EndGlobalSection
	GlobalSection(SolutionProperties) = preSolution
		HideSolutionNode = FALSE
	EndGlobalSection
	GlobalSection(ExtensibilityGlobals) = postSolution
		SolutionGuid = {3A4F04C7-7FB1-4E86-A314-9FB4E2A9A9C0}
	EndGlobalSection
EndGlobal
