
Microsoft Visual Studio Solution File, Format Version 12.00
# Visual Studio Version 17
VisualStudioVersion = 17.4.33403.182
MinimumVisualStudioVersion = 10.0.40219.1
Project("{FAE04EC0-301F-11D3-BF4B-00C04F79EFBC}") = "Ders-19", "Ders-19\Ders-19.csproj", "{0ADE87B3-8FB6-4952-8C65-07A5FC4BD17A}"
EndProject
Global
	GlobalSection(SolutionConfigurationPlatforms) = preSolution
		Debug|Any CPU = Debug|Any CPU
		Release|Any CPU = Release|Any CPU
	EndGlobalSection
	GlobalSection(ProjectConfigurationPlatforms) = postSolution
		{0ADE87B3-8FB6-4952-8C65-07A5FC4BD17A}.Debug|Any CPU.ActiveCfg = Debug|Any CPU
		{0ADE87B3-8FB6-4952-8C65-07A5FC4BD17A}.Debug|Any CPU.Build.0 = Debug|Any CPU
		{0ADE87B3-8FB6-4952-8C65-07A5FC4BD17A}.Release|Any CPU.ActiveCfg = Release|Any CPU
		{0ADE87B3-8FB6-4952-8C65-07A5FC4BD17A}.Release|Any CPU.Build.0 = Release|Any CPU
	EndGlobalSection
	GlobalSection(SolutionProperties) = preSolution
		HideSolutionNode = FALSE
	EndGlobalSection
	GlobalSection(ExtensibilityGlobals) = postSolution
		SolutionGuid = {832337CF-8B1F-4B88-8BDD-2BC8FF8B957B}
	EndGlobalSection
EndGlobal
