
Microsoft Visual Studio Solution File, Format Version 12.00
# Visual Studio Version 17
VisualStudioVersion = 17.4.33403.182
MinimumVisualStudioVersion = 10.0.40219.1
Project("{FAE04EC0-301F-11D3-BF4B-00C04F79EFBC}") = "Ders-45-46", "Ders-45-46\Ders-45-46.csproj", "{A3B95F8E-DB86-4D3A-834D-33AACB9350BD}"
EndProject
Global
	GlobalSection(SolutionConfigurationPlatforms) = preSolution
		Debug|Any CPU = Debug|Any CPU
		Release|Any CPU = Release|Any CPU
	EndGlobalSection
	GlobalSection(ProjectConfigurationPlatforms) = postSolution
		{A3B95F8E-DB86-4D3A-834D-33AACB9350BD}.Debug|Any CPU.ActiveCfg = Debug|Any CPU
		{A3B95F8E-DB86-4D3A-834D-33AACB9350BD}.Debug|Any CPU.Build.0 = Debug|Any CPU
		{A3B95F8E-DB86-4D3A-834D-33AACB9350BD}.Release|Any CPU.ActiveCfg = Release|Any CPU
		{A3B95F8E-DB86-4D3A-834D-33AACB9350BD}.Release|Any CPU.Build.0 = Release|Any CPU
	EndGlobalSection
	GlobalSection(SolutionProperties) = preSolution
		HideSolutionNode = FALSE
	EndGlobalSection
	GlobalSection(ExtensibilityGlobals) = postSolution
		SolutionGuid = {D9DFBFC1-E16B-4799-BBEF-4A3DAA9B0F57}
	EndGlobalSection
EndGlobal
