
Microsoft Visual Studio Solution File, Format Version 12.00
# Visual Studio Version 17
VisualStudioVersion = 17.4.33403.182
MinimumVisualStudioVersion = 10.0.40219.1
Project("{FAE04EC0-301F-11D3-BF4B-00C04F79EFBC}") = "Ders-36", "Ders-36\Ders-36.csproj", "{1DAF5CF1-DB72-4532-8433-5F90B4934405}"
EndProject
Global
	GlobalSection(SolutionConfigurationPlatforms) = preSolution
		Debug|Any CPU = Debug|Any CPU
		Release|Any CPU = Release|Any CPU
	EndGlobalSection
	GlobalSection(ProjectConfigurationPlatforms) = postSolution
		{1DAF5CF1-DB72-4532-8433-5F90B4934405}.Debug|Any CPU.ActiveCfg = Debug|Any CPU
		{1DAF5CF1-DB72-4532-8433-5F90B4934405}.Debug|Any CPU.Build.0 = Debug|Any CPU
		{1DAF5CF1-DB72-4532-8433-5F90B4934405}.Release|Any CPU.ActiveCfg = Release|Any CPU
		{1DAF5CF1-DB72-4532-8433-5F90B4934405}.Release|Any CPU.Build.0 = Release|Any CPU
	EndGlobalSection
	GlobalSection(SolutionProperties) = preSolution
		HideSolutionNode = FALSE
	EndGlobalSection
	GlobalSection(ExtensibilityGlobals) = postSolution
		SolutionGuid = {604F6F67-5A65-42D8-965C-D00EEB600529}
	EndGlobalSection
EndGlobal
